// !$*UTF8*$!
{
	archiveVersion = 1;
	classes = {
	};
	objectVersion = 50;
	objects = {

/* Begin PBXBuildFile section */
		BE5FE22923D8E8F8009EFCAF /* AppDelegate.swift in Sources */ = {isa = PBXBuildFile; fileRef = BE5FE22823D8E8F8009EFCAF /* AppDelegate.swift */; };
		BE5FE22B23D8E8F8009EFCAF /* SceneDelegate.swift in Sources */ = {isa = PBXBuildFile; fileRef = BE5FE22A23D8E8F8009EFCAF /* SceneDelegate.swift */; };
		BE5FE22D23D8E8F8009EFCAF /* ViewController.swift in Sources */ = {isa = PBXBuildFile; fileRef = BE5FE22C23D8E8F8009EFCAF /* ViewController.swift */; };
		BE5FE23023D8E8F8009EFCAF /* Main.storyboard in Resources */ = {isa = PBXBuildFile; fileRef = BE5FE22E23D8E8F8009EFCAF /* Main.storyboard */; };
		BE5FE23223D8E8FA009EFCAF /* Assets.xcassets in Resources */ = {isa = PBXBuildFile; fileRef = BE5FE23123D8E8FA009EFCAF /* Assets.xcassets */; };
		BE5FE23523D8E8FA009EFCAF /* LaunchScreen.storyboard in Resources */ = {isa = PBXBuildFile; fileRef = BE5FE23323D8E8FA009EFCAF /* LaunchScreen.storyboard */; };
		BE5FE23F23D8EFD5009EFCAF /* PhotoCell.swift in Sources */ = {isa = PBXBuildFile; fileRef = BE5FE23E23D8EFD5009EFCAF /* PhotoCell.swift */; };
		BEBB897623DA1F110003F711 /* PostViewController.swift in Sources */ = {isa = PBXBuildFile; fileRef = BEBB897523DA1F110003F711 /* PostViewController.swift */; };
		BEBB897F23DBCDF00003F711 /* ImageObject.swift in Sources */ = {isa = PBXBuildFile; fileRef = BEBB897E23DBCDF00003F711 /* ImageObject.swift */; };
		BEBB898223DBCE980003F711 /* File Manager + Extension.swift in Sources */ = {isa = PBXBuildFile; fileRef = BEBB898123DBCE980003F711 /* File Manager + Extension.swift */; };
		BEBB898423DBCEAC0003F711 /* PersistanceHelper.swift in Sources */ = {isa = PBXBuildFile; fileRef = BEBB898323DBCEAC0003F711 /* PersistanceHelper.swift */; };
/* End PBXBuildFile section */

/* Begin PBXFileReference section */
		BE5FE22523D8E8F8009EFCAF /* PhotoJournal.app */ = {isa = PBXFileReference; explicitFileType = wrapper.application; includeInIndex = 0; path = PhotoJournal.app; sourceTree = BUILT_PRODUCTS_DIR; };
		BE5FE22823D8E8F8009EFCAF /* AppDelegate.swift */ = {isa = PBXFileReference; lastKnownFileType = sourcecode.swift; path = AppDelegate.swift; sourceTree = "<group>"; };
		BE5FE22A23D8E8F8009EFCAF /* SceneDelegate.swift */ = {isa = PBXFileReference; lastKnownFileType = sourcecode.swift; path = SceneDelegate.swift; sourceTree = "<group>"; };
		BE5FE22C23D8E8F8009EFCAF /* ViewController.swift */ = {isa = PBXFileReference; lastKnownFileType = sourcecode.swift; path = ViewController.swift; sourceTree = "<group>"; };
		BE5FE22F23D8E8F8009EFCAF /* Base */ = {isa = PBXFileReference; lastKnownFileType = file.storyboard; name = Base; path = Base.lproj/Main.storyboard; sourceTree = "<group>"; };
		BE5FE23123D8E8FA009EFCAF /* Assets.xcassets */ = {isa = PBXFileReference; lastKnownFileType = folder.assetcatalog; path = Assets.xcassets; sourceTree = "<group>"; };
		BE5FE23423D8E8FA009EFCAF /* Base */ = {isa = PBXFileReference; lastKnownFileType = file.storyboard; name = Base; path = Base.lproj/LaunchScreen.storyboard; sourceTree = "<group>"; };
		BE5FE23623D8E8FA009EFCAF /* Info.plist */ = {isa = PBXFileReference; lastKnownFileType = text.plist.xml; path = Info.plist; sourceTree = "<group>"; };
		BE5FE23E23D8EFD5009EFCAF /* PhotoCell.swift */ = {isa = PBXFileReference; lastKnownFileType = sourcecode.swift; path = PhotoCell.swift; sourceTree = "<group>"; };
		BEBB897523DA1F110003F711 /* PostViewController.swift */ = {isa = PBXFileReference; lastKnownFileType = sourcecode.swift; path = PostViewController.swift; sourceTree = "<group>"; };
		BEBB897E23DBCDF00003F711 /* ImageObject.swift */ = {isa = PBXFileReference; lastKnownFileType = sourcecode.swift; path = ImageObject.swift; sourceTree = "<group>"; };
		BEBB898123DBCE980003F711 /* File Manager + Extension.swift */ = {isa = PBXFileReference; lastKnownFileType = sourcecode.swift; path = "File Manager + Extension.swift"; sourceTree = "<group>"; };
		BEBB898323DBCEAC0003F711 /* PersistanceHelper.swift */ = {isa = PBXFileReference; lastKnownFileType = sourcecode.swift; path = PersistanceHelper.swift; sourceTree = "<group>"; };
/* End PBXFileReference section */

/* Begin PBXFrameworksBuildPhase section */
		BE5FE22223D8E8F8009EFCAF /* Frameworks */ = {
			isa = PBXFrameworksBuildPhase;
			buildActionMask = 2147483647;
			files = (
			);
			runOnlyForDeploymentPostprocessing = 0;
		};
/* End PBXFrameworksBuildPhase section */

/* Begin PBXGroup section */
		BE5FE21C23D8E8F8009EFCAF = {
			isa = PBXGroup;
			children = (
				BE5FE22723D8E8F8009EFCAF /* PhotoJournal */,
				BE5FE22623D8E8F8009EFCAF /* Products */,
			);
			sourceTree = "<group>";
		};
		BE5FE22623D8E8F8009EFCAF /* Products */ = {
			isa = PBXGroup;
			children = (
				BE5FE22523D8E8F8009EFCAF /* PhotoJournal.app */,
			);
			name = Products;
			sourceTree = "<group>";
		};
		BE5FE22723D8E8F8009EFCAF /* PhotoJournal */ = {
			isa = PBXGroup;
			children = (
				BEBB898023DBCE640003F711 /* DataPersistance */,
				BEBB897D23DBCDDB0003F711 /* Models */,
				BE5FE23D23D8EC8F009EFCAF /* Controllers */,
				BE5FE23C23D8E99B009EFCAF /* Supporting Documents */,
				BE5FE23623D8E8FA009EFCAF /* Info.plist */,
			);
			path = PhotoJournal;
			sourceTree = "<group>";
		};
		BE5FE23C23D8E99B009EFCAF /* Supporting Documents */ = {
			isa = PBXGroup;
			children = (
				BE5FE22E23D8E8F8009EFCAF /* Main.storyboard */,
				BE5FE23323D8E8FA009EFCAF /* LaunchScreen.storyboard */,
				BE5FE23123D8E8FA009EFCAF /* Assets.xcassets */,
				BE5FE22A23D8E8F8009EFCAF /* SceneDelegate.swift */,
				BE5FE22823D8E8F8009EFCAF /* AppDelegate.swift */,
			);
			path = "Supporting Documents";
			sourceTree = "<group>";
		};
		BE5FE23D23D8EC8F009EFCAF /* Controllers */ = {
			isa = PBXGroup;
			children = (
				BE5FE22C23D8E8F8009EFCAF /* ViewController.swift */,
				BE5FE23E23D8EFD5009EFCAF /* PhotoCell.swift */,
				BEBB897523DA1F110003F711 /* PostViewController.swift */,
			);
			path = Controllers;
			sourceTree = "<group>";
		};
		BEBB897D23DBCDDB0003F711 /* Models */ = {
			isa = PBXGroup;
			children = (
				BEBB897E23DBCDF00003F711 /* ImageObject.swift */,
			);
			path = Models;
			sourceTree = "<group>";
		};
		BEBB898023DBCE640003F711 /* DataPersistance */ = {
			isa = PBXGroup;
			children = (
				BEBB898123DBCE980003F711 /* File Manager + Extension.swift */,
				BEBB898323DBCEAC0003F711 /* PersistanceHelper.swift */,
			);
			path = DataPersistance;
			sourceTree = "<group>";
		};
/* End PBXGroup section */

/* Begin PBXNativeTarget section */
		BE5FE22423D8E8F8009EFCAF /* PhotoJournal */ = {
			isa = PBXNativeTarget;
			buildConfigurationList = BE5FE23923D8E8FA009EFCAF /* Build configuration list for PBXNativeTarget "PhotoJournal" */;
			buildPhases = (
				BE5FE22123D8E8F8009EFCAF /* Sources */,
				BE5FE22223D8E8F8009EFCAF /* Frameworks */,
				BE5FE22323D8E8F8009EFCAF /* Resources */,
			);
			buildRules = (
			);
			dependencies = (
			);
			name = PhotoJournal;
			productName = PhotoJournal;
			productReference = BE5FE22523D8E8F8009EFCAF /* PhotoJournal.app */;
			productType = "com.apple.product-type.application";
		};
/* End PBXNativeTarget section */

/* Begin PBXProject section */
		BE5FE21D23D8E8F8009EFCAF /* Project object */ = {
			isa = PBXProject;
			attributes = {
				LastSwiftUpdateCheck = 1100;
				LastUpgradeCheck = 1100;
				ORGANIZATIONNAME = "Oscar Victoria Gonzalez ";
				TargetAttributes = {
					BE5FE22423D8E8F8009EFCAF = {
						CreatedOnToolsVersion = 11.0;
					};
				};
			};
			buildConfigurationList = BE5FE22023D8E8F8009EFCAF /* Build configuration list for PBXProject "PhotoJournal" */;
			compatibilityVersion = "Xcode 9.3";
			developmentRegion = en;
			hasScannedForEncodings = 0;
			knownRegions = (
				en,
				Base,
			);
			mainGroup = BE5FE21C23D8E8F8009EFCAF;
			productRefGroup = BE5FE22623D8E8F8009EFCAF /* Products */;
			projectDirPath = "";
			projectRoot = "";
			targets = (
				BE5FE22423D8E8F8009EFCAF /* PhotoJournal */,
			);
		};
/* End PBXProject section */

/* Begin PBXResourcesBuildPhase section */
		BE5FE22323D8E8F8009EFCAF /* Resources */ = {
			isa = PBXResourcesBuildPhase;
			buildActionMask = 2147483647;
			files = (
				BE5FE23523D8E8FA009EFCAF /* LaunchScreen.storyboard in Resources */,
				BE5FE23223D8E8FA009EFCAF /* Assets.xcassets in Resources */,
				BE5FE23023D8E8F8009EFCAF /* Main.storyboard in Resources */,
			);
			runOnlyForDeploymentPostprocessing = 0;
		};
/* End PBXResourcesBuildPhase section */

/* Begin PBXSourcesBuildPhase section */
		BE5FE22123D8E8F8009EFCAF /* Sources */ = {
			isa = PBXSourcesBuildPhase;
			buildActionMask = 2147483647;
			files = (
				BEBB897F23DBCDF00003F711 /* ImageObject.swift in Sources */,
				BE5FE23F23D8EFD5009EFCAF /* PhotoCell.swift in Sources */,
				BEBB898223DBCE980003F711 /* File Manager + Extension.swift in Sources */,
				BEBB898423DBCEAC0003F711 /* PersistanceHelper.swift in Sources */,
				BE5FE22D23D8E8F8009EFCAF /* ViewController.swift in Sources */,
				BE5FE22923D8E8F8009EFCAF /* AppDelegate.swift in Sources */,
				BE5FE22B23D8E8F8009EFCAF /* SceneDelegate.swift in Sources */,
				BEBB897623DA1F110003F711 /* PostViewController.swift in Sources */,
			);
			runOnlyForDeploymentPostprocessing = 0;
		};
/* End PBXSourcesBuildPhase section */

/* Begin PBXVariantGroup section */
		BE5FE22E23D8E8F8009EFCAF /* Main.storyboard */ = {
			isa = PBXVariantGroup;
			children = (
				BE5FE22F23D8E8F8009EFCAF /* Base */,
			);
			name = Main.storyboard;
			sourceTree = "<group>";
		};
		BE5FE23323D8E8FA009EFCAF /* LaunchScreen.storyboard */ = {
			isa = PBXVariantGroup;
			children = (
				BE5FE23423D8E8FA009EFCAF /* Base */,
			);
			name = LaunchScreen.storyboard;
			sourceTree = "<group>";
		};
/* End PBXVariantGroup section */

/* Begin XCBuildConfiguration section */
		BE5FE23723D8E8FA009EFCAF /* Debug */ = {
			isa = XCBuildConfiguration;
			buildSettings = {
				ALWAYS_SEARCH_USER_PATHS = NO;
				CLANG_ANALYZER_NONNULL = YES;
				CLANG_ANALYZER_NUMBER_OBJECT_CONVERSION = YES_AGGRESSIVE;
				CLANG_CXX_LANGUAGE_STANDARD = "gnu++14";
				CLANG_CXX_LIBRARY = "libc++";
				CLANG_ENABLE_MODULES = YES;
				CLANG_ENABLE_OBJC_ARC = YES;
				CLANG_ENABLE_OBJC_WEAK = YES;
				CLANG_WARN_BLOCK_CAPTURE_AUTORELEASING = YES;
				CLANG_WARN_BOOL_CONVERSION = YES;
				CLANG_WARN_COMMA = YES;
				CLANG_WARN_CONSTANT_CONVERSION = YES;
				CLANG_WARN_DEPRECATED_OBJC_IMPLEMENTATIONS = YES;
				CLANG_WARN_DIRECT_OBJC_ISA_USAGE = YES_ERROR;
				CLANG_WARN_DOCUMENTATION_COMMENTS = YES;
				CLANG_WARN_EMPTY_BODY = YES;
				CLANG_WARN_ENUM_CONVERSION = YES;
				CLANG_WARN_INFINITE_RECURSION = YES;
				CLANG_WARN_INT_CONVERSION = YES;
				CLANG_WARN_NON_LITERAL_NULL_CONVERSION = YES;
				CLANG_WARN_OBJC_IMPLICIT_RETAIN_SELF = YES;
				CLANG_WARN_OBJC_LITERAL_CONVERSION = YES;
				CLANG_WARN_OBJC_ROOT_CLASS = YES_ERROR;
				CLANG_WARN_RANGE_LOOP_ANALYSIS = YES;
				CLANG_WARN_STRICT_PROTOTYPES = YES;
				CLANG_WARN_SUSPICIOUS_MOVE = YES;
				CLANG_WARN_UNGUARDED_AVAILABILITY = YES_AGGRESSIVE;
				CLANG_WARN_UNREACHABLE_CODE = YES;
				CLANG_WARN__DUPLICATE_METHOD_MATCH = YES;
				COPY_PHASE_STRIP = NO;
				DEBUG_INFORMATION_FORMAT = dwarf;
				ENABLE_STRICT_OBJC_MSGSEND = YES;
				ENABLE_TESTABILITY = YES;
				GCC_C_LANGUAGE_STANDARD = gnu11;
				GCC_DYNAMIC_NO_PIC = NO;
				GCC_NO_COMMON_BLOCKS = YES;
				GCC_OPTIMIZATION_LEVEL = 0;
				GCC_PREPROCESSOR_DEFINITIONS = (
					"DEBUG=1",
					"$(inherited)",
				);
				GCC_WARN_64_TO_32_BIT_CONVERSION = YES;
				GCC_WARN_ABOUT_RETURN_TYPE = YES_ERROR;
				GCC_WARN_UNDECLARED_SELECTOR = YES;
				GCC_WARN_UNINITIALIZED_AUTOS = YES_AGGRESSIVE;
				GCC_WARN_UNUSED_FUNCTION = YES;
				GCC_WARN_UNUSED_VARIABLE = YES;
				IPHONEOS_DEPLOYMENT_TARGET = 13.0;
				MTL_ENABLE_DEBUG_INFO = INCLUDE_SOURCE;
				MTL_FAST_MATH = YES;
				ONLY_ACTIVE_ARCH = YES;
				SDKROOT = iphoneos;
				SWIFT_ACTIVE_COMPILATION_CONDITIONS = DEBUG;
				SWIFT_OPTIMIZATION_LEVEL = "-Onone";
			};
			name = Debug;
		};
		BE5FE23823D8E8FA009EFCAF /* Release */ = {
			isa = XCBuildConfiguration;
			buildSettings = {
				ALWAYS_SEARCH_USER_PATHS = NO;
				CLANG_ANALYZER_NONNULL = YES;
				CLANG_ANALYZER_NUMBER_OBJECT_CONVERSION = YES_AGGRESSIVE;
				CLANG_CXX_LANGUAGE_STANDARD = "gnu++14";
				CLANG_CXX_LIBRARY = "libc++";
				CLANG_ENABLE_MODULES = YES;
				CLANG_ENABLE_OBJC_ARC = YES;
				CLANG_ENABLE_OBJC_WEAK = YES;
				CLANG_WARN_BLOCK_CAPTURE_AUTORELEASING = YES;
				CLANG_WARN_BOOL_CONVERSION = YES;
				CLANG_WARN_COMMA = YES;
				CLANG_WARN_CONSTANT_CONVERSION = YES;
				CLANG_WARN_DEPRECATED_OBJC_IMPLEMENTATIONS = YES;
				CLANG_WARN_DIRECT_OBJC_ISA_USAGE = YES_ERROR;
				CLANG_WARN_DOCUMENTATION_COMMENTS = YES;
				CLANG_WARN_EMPTY_BODY = YES;
				CLANG_WARN_ENUM_CONVERSION = YES;
				CLANG_WARN_INFINITE_RECURSION = YES;
				CLANG_WARN_INT_CONVERSION = YES;
				CLANG_WARN_NON_LITERAL_NULL_CONVERSION = YES;
				CLANG_WARN_OBJC_IMPLICIT_RETAIN_SELF = YES;
				CLANG_WARN_OBJC_LITERAL_CONVERSION = YES;
				CLANG_WARN_OBJC_ROOT_CLASS = YES_ERROR;
				CLANG_WARN_RANGE_LOOP_ANALYSIS = YES;
				CLANG_WARN_STRICT_PROTOTYPES = YES;
				CLANG_WARN_SUSPICIOUS_MOVE = YES;
				CLANG_WARN_UNGUARDED_AVAILABILITY = YES_AGGRESSIVE;
				CLANG_WARN_UNREACHABLE_CODE = YES;
				CLANG_WARN__DUPLICATE_METHOD_MATCH = YES;
				COPY_PHASE_STRIP = NO;
				DEBUG_INFORMATION_FORMAT = "dwarf-with-dsym";
				ENABLE_NS_ASSERTIONS = NO;
				ENABLE_STRICT_OBJC_MSGSEND = YES;
				GCC_C_LANGUAGE_STANDARD = gnu11;
				GCC_NO_COMMON_BLOCKS = YES;
				GCC_WARN_64_TO_32_BIT_CONVERSION = YES;
				GCC_WARN_ABOUT_RETURN_TYPE = YES_ERROR;
				GCC_WARN_UNDECLARED_SELECTOR = YES;
				GCC_WARN_UNINITIALIZED_AUTOS = YES_AGGRESSIVE;
				GCC_WARN_UNUSED_FUNCTION = YES;
				GCC_WARN_UNUSED_VARIABLE = YES;
				IPHONEOS_DEPLOYMENT_TARGET = 13.0;
				MTL_ENABLE_DEBUG_INFO = NO;
				MTL_FAST_MATH = YES;
				SDKROOT = iphoneos;
				SWIFT_COMPILATION_MODE = wholemodule;
				SWIFT_OPTIMIZATION_LEVEL = "-O";
				VALIDATE_PRODUCT = YES;
			};
			name = Release;
		};
		BE5FE23A23D8E8FA009EFCAF /* Debug */ = {
			isa = XCBuildConfiguration;
			buildSettings = {
				ASSETCATALOG_COMPILER_APPICON_NAME = AppIcon;
				CODE_SIGN_STYLE = Automatic;
				DEVELOPMENT_TEAM = S55722VFBC;
				INFOPLIST_FILE = PhotoJournal/Info.plist;
				LD_RUNPATH_SEARCH_PATHS = (
					"$(inherited)",
					"@executable_path/Frameworks",
				);
				PRODUCT_BUNDLE_IDENTIFIER = oscarvictoria.PhotoJournal;
				PRODUCT_NAME = "$(TARGET_NAME)";
				SWIFT_VERSION = 5.0;
				TARGETED_DEVICE_FAMILY = "1,2";
			};
			name = Debug;
		};
		BE5FE23B23D8E8FA009EFCAF /* Release */ = {
			isa = XCBuildConfiguration;
			buildSettings = {
				ASSETCATALOG_COMPILER_APPICON_NAME = AppIcon;
				CODE_SIGN_STYLE = Automatic;
				DEVELOPMENT_TEAM = S55722VFBC;
				INFOPLIST_FILE = PhotoJournal/Info.plist;
				LD_RUNPATH_SEARCH_PATHS = (
					"$(inherited)",
					"@executable_path/Frameworks",
				);
				PRODUCT_BUNDLE_IDENTIFIER = oscarvictoria.PhotoJournal;
				PRODUCT_NAME = "$(TARGET_NAME)";
				SWIFT_VERSION = 5.0;
				TARGETED_DEVICE_FAMILY = "1,2";
			};
			name = Release;
		};
/* End XCBuildConfiguration section */

/* Begin XCConfigurationList section */
		BE5FE22023D8E8F8009EFCAF /* Build configuration list for PBXProject "PhotoJournal" */ = {
			isa = XCConfigurationList;
			buildConfigurations = (
				BE5FE23723D8E8FA009EFCAF /* Debug */,
				BE5FE23823D8E8FA009EFCAF /* Release */,
			);
			defaultConfigurationIsVisible = 0;
			defaultConfigurationName = Release;
		};
		BE5FE23923D8E8FA009EFCAF /* Build configuration list for PBXNativeTarget "PhotoJournal" */ = {
			isa = XCConfigurationList;
			buildConfigurations = (
				BE5FE23A23D8E8FA009EFCAF /* Debug */,
				BE5FE23B23D8E8FA009EFCAF /* Release */,
			);
			defaultConfigurationIsVisible = 0;
			defaultConfigurationName = Release;
		};
/* End XCConfigurationList section */
	};
	rootObject = BE5FE21D23D8E8F8009EFCAF /* Project object */;
}
